
Microsoft Visual Studio Solution File, Format Version 12.00
# Visual Studio Version 16
VisualStudioVersion = 16.0.31911.196
MinimumVisualStudioVersion = 10.0.40219.1
Project("{FAE04EC0-301F-11D3-BF4B-00C04F79EFBC}") = "TestMod", "TestMod\TestMod.csproj", "{242110C0-5766-4DBB-AD54-A4C5BDE6D128}"
EndProject
Project("{2150E333-8FDC-42A3-9474-1A3956D46DE8}") = "misc", "misc", "{DBA9622D-34A0-45BC-BA2C-F2B4C87ADAE6}"
	ProjectSection(SolutionItems) = preProject
		.editorconfig = .editorconfig
		.gitignore = .gitignore
		post-build.bat = post-build.bat
		post-build.props = post-build.props
		project.props = project.props
		readme.md = readme.md
	EndProjectSection
EndProject
Project("{2150E333-8FDC-42A3-9474-1A3956D46DE8}") = "prototypes", "prototypes", "{A0E6D5D6-B53A-4145-AFE3-5CCABF70BD9B}"
EndProject
Project("{2150E333-8FDC-42A3-9474-1A3956D46DE8}") = "common", "common", "{00CDBCA6-E669-4EE2-A7C7-C7B936AD2D51}"
EndProject
Project("{D954291E-2A0B-460D-934E-DC6B0785DB48}") = "Common", "Common\Common.shproj", "{E15F4929-DAD7-4DB4-B0BB-57D20CDE36AA}"
EndProject
Project("{FAE04EC0-301F-11D3-BF4B-00C04F79EFBC}") = "InstaVacpack", "InstaVacpack\InstaVacpack.csproj", "{E2CA5FBB-F4B6-4184-B2CA-6DDD6A74094F}"
EndProject
Project("{D954291E-2A0B-460D-934E-DC6B0785DB48}") = "Common.UnityDebug", "Common\Common.UnityDebug\Common.UnityDebug.shproj", "{70F1D5D2-31DA-471D-9504-3FF971CB6A96}"
EndProject
Project("{FAE04EC0-301F-11D3-BF4B-00C04F79EFBC}") = "SmartVacpack", "SmartVacpack\SmartVacpack.csproj", "{65C72175-E029-4888-9526-BD78F31D950A}"
EndProject
Global
	GlobalSection(SharedMSBuildProjectFiles) = preSolution
		Common\Common.projitems*{242110c0-5766-4dbb-ad54-a4c5bde6d128}*SharedItemsImports = 4
		Common\Common.UnityDebug\Common.UnityDebug.projitems*{242110c0-5766-4dbb-ad54-a4c5bde6d128}*SharedItemsImports = 4
		Common\Common.projitems*{65c72175-e029-4888-9526-bd78f31d950a}*SharedItemsImports = 4
		Common\Common.UnityDebug\Common.UnityDebug.projitems*{70f1d5d2-31da-471d-9504-3ff971cb6a96}*SharedItemsImports = 13
		Common\Common.projitems*{e15f4929-dad7-4db4-b0bb-57d20cde36aa}*SharedItemsImports = 13
		Common\Common.projitems*{e2ca5fbb-f4b6-4184-b2ca-6ddd6a74094f}*SharedItemsImports = 4
	EndGlobalSection
	GlobalSection(SolutionConfigurationPlatforms) = preSolution
		debug|Any CPU = debug|Any CPU
		release|Any CPU = release|Any CPU
		testbuild|Any CPU = testbuild|Any CPU
	EndGlobalSection
	GlobalSection(ProjectConfigurationPlatforms) = postSolution
		{242110C0-5766-4DBB-AD54-A4C5BDE6D128}.debug|Any CPU.ActiveCfg = debug|Any CPU
		{242110C0-5766-4DBB-AD54-A4C5BDE6D128}.debug|Any CPU.Build.0 = debug|Any CPU
		{242110C0-5766-4DBB-AD54-A4C5BDE6D128}.release|Any CPU.ActiveCfg = release|Any CPU
		{242110C0-5766-4DBB-AD54-A4C5BDE6D128}.release|Any CPU.Build.0 = release|Any CPU
		{242110C0-5766-4DBB-AD54-A4C5BDE6D128}.testbuild|Any CPU.ActiveCfg = testbuild|Any CPU
		{242110C0-5766-4DBB-AD54-A4C5BDE6D128}.testbuild|Any CPU.Build.0 = testbuild|Any CPU
		{E2CA5FBB-F4B6-4184-B2CA-6DDD6A74094F}.debug|Any CPU.ActiveCfg = debug|Any CPU
		{E2CA5FBB-F4B6-4184-B2CA-6DDD6A74094F}.debug|Any CPU.Build.0 = debug|Any CPU
		{E2CA5FBB-F4B6-4184-B2CA-6DDD6A74094F}.release|Any CPU.ActiveCfg = release|Any CPU
		{E2CA5FBB-F4B6-4184-B2CA-6DDD6A74094F}.release|Any CPU.Build.0 = release|Any CPU
		{E2CA5FBB-F4B6-4184-B2CA-6DDD6A74094F}.testbuild|Any CPU.ActiveCfg = testbuild|Any CPU
		{E2CA5FBB-F4B6-4184-B2CA-6DDD6A74094F}.testbuild|Any CPU.Build.0 = testbuild|Any CPU
		{65C72175-E029-4888-9526-BD78F31D950A}.debug|Any CPU.ActiveCfg = debug|Any CPU
		{65C72175-E029-4888-9526-BD78F31D950A}.debug|Any CPU.Build.0 = debug|Any CPU
		{65C72175-E029-4888-9526-BD78F31D950A}.release|Any CPU.ActiveCfg = release|Any CPU
		{65C72175-E029-4888-9526-BD78F31D950A}.release|Any CPU.Build.0 = release|Any CPU
		{65C72175-E029-4888-9526-BD78F31D950A}.testbuild|Any CPU.ActiveCfg = testbuild|Any CPU
		{65C72175-E029-4888-9526-BD78F31D950A}.testbuild|Any CPU.Build.0 = testbuild|Any CPU
	EndGlobalSection
	GlobalSection(SolutionProperties) = preSolution
		HideSolutionNode = FALSE
	EndGlobalSection
	GlobalSection(NestedProjects) = preSolution
		{242110C0-5766-4DBB-AD54-A4C5BDE6D128} = {A0E6D5D6-B53A-4145-AFE3-5CCABF70BD9B}
		{E15F4929-DAD7-4DB4-B0BB-57D20CDE36AA} = {00CDBCA6-E669-4EE2-A7C7-C7B936AD2D51}
		{70F1D5D2-31DA-471D-9504-3FF971CB6A96} = {00CDBCA6-E669-4EE2-A7C7-C7B936AD2D51}
	EndGlobalSection
	GlobalSection(ExtensibilityGlobals) = postSolution
		SolutionGuid = {6AD7E2D5-0330-4B39-8CB0-83BCD6B02039}
	EndGlobalSection
EndGlobal
